
Microsoft Visual Studio Solution File, Format Version 12.00
# Visual Studio Version 17
VisualStudioVersion = 17.0.31903.59
MinimumVisualStudioVersion = 10.0.40219.1
Project("{FAE04EC0-301F-11D3-BF4B-00C04F79EFBC}") = "OneClickClose.Core", "src\OneClickClose.Core\OneClickClose.Core.csproj", "{A1B2C3D4-E5F6-7890-ABCD-EF1234567890}"
EndProject
Project("{FAE04EC0-301F-11D3-BF4B-00C04F79EFBC}") = "OneClickClose.WinUI", "src\OneClickClose.WinUI\OneClickClose.WinUI.csproj", "{835A1083-723B-4C58-9303-6AC7DB7D38E6}"
EndProject
Project("{2150E333-8FDC-42A3-9474-1A3956D46DE8}") = "tests", "tests", "{0AB3BF05-4346-4AA6-1389-037BE0695223}"
EndProject
Project("{FAE04EC0-301F-11D3-BF4B-00C04F79EFBC}") = "OneClickClose.Core.Tests", "tests\OneClickClose.Core.Tests\OneClickClose.Core.Tests.csproj", "{75CE962B-C9C7-45A6-8B74-14E31926FA77}"
EndProject
Project("{2150E333-8FDC-42A3-9474-1A3956D46DE8}") = "src", "src", "{827E0CD3-B72D-47B6-A68D-7590B98EB39B}"
EndProject
Project("{FAE04EC0-301F-11D3-BF4B-00C04F79EFBC}") = "OneClickClose.Launcher", "src\OneClickClose.Launcher\OneClickClose.Launcher.csproj", "{41146FB5-E4DC-497E-9C1E-B29C26404D08}"
EndProject
Global
	GlobalSection(SolutionConfigurationPlatforms) = preSolution
		Debug|Any CPU = Debug|Any CPU
		Debug|x64 = Debug|x64
		Debug|x86 = Debug|x86
		Release|Any CPU = Release|Any CPU
		Release|x64 = Release|x64
		Release|x86 = Release|x86
	EndGlobalSection
	GlobalSection(ProjectConfigurationPlatforms) = postSolution
		{A1B2C3D4-E5F6-7890-ABCD-EF1234567890}.Debug|Any CPU.ActiveCfg = Debug|Any CPU
		{A1B2C3D4-E5F6-7890-ABCD-EF1234567890}.Debug|Any CPU.Build.0 = Debug|Any CPU
		{A1B2C3D4-E5F6-7890-ABCD-EF1234567890}.Debug|x64.ActiveCfg = Debug|Any CPU
		{A1B2C3D4-E5F6-7890-ABCD-EF1234567890}.Debug|x64.Build.0 = Debug|Any CPU
		{A1B2C3D4-E5F6-7890-ABCD-EF1234567890}.Debug|x86.ActiveCfg = Debug|Any CPU
		{A1B2C3D4-E5F6-7890-ABCD-EF1234567890}.Debug|x86.Build.0 = Debug|Any CPU
		{A1B2C3D4-E5F6-7890-ABCD-EF1234567890}.Release|Any CPU.ActiveCfg = Release|Any CPU
		{A1B2C3D4-E5F6-7890-ABCD-EF1234567890}.Release|Any CPU.Build.0 = Release|Any CPU
		{A1B2C3D4-E5F6-7890-ABCD-EF1234567890}.Release|x64.ActiveCfg = Release|Any CPU
		{A1B2C3D4-E5F6-7890-ABCD-EF1234567890}.Release|x64.Build.0 = Release|Any CPU
		{A1B2C3D4-E5F6-7890-ABCD-EF1234567890}.Release|x86.ActiveCfg = Release|Any CPU
		{A1B2C3D4-E5F6-7890-ABCD-EF1234567890}.Release|x86.Build.0 = Release|Any CPU
		{835A1083-723B-4C58-9303-6AC7DB7D38E6}.Debug|Any CPU.ActiveCfg = Debug|Any CPU
		{835A1083-723B-4C58-9303-6AC7DB7D38E6}.Debug|Any CPU.Build.0 = Debug|Any CPU
		{835A1083-723B-4C58-9303-6AC7DB7D38E6}.Debug|x64.ActiveCfg = Debug|Any CPU
		{835A1083-723B-4C58-9303-6AC7DB7D38E6}.Debug|x64.Build.0 = Debug|Any CPU
		{835A1083-723B-4C58-9303-6AC7DB7D38E6}.Debug|x86.ActiveCfg = Debug|Any CPU
		{835A1083-723B-4C58-9303-6AC7DB7D38E6}.Debug|x86.Build.0 = Debug|Any CPU
		{835A1083-723B-4C58-9303-6AC7DB7D38E6}.Release|Any CPU.ActiveCfg = Release|Any CPU
		{835A1083-723B-4C58-9303-6AC7DB7D38E6}.Release|Any CPU.Build.0 = Release|Any CPU
		{835A1083-723B-4C58-9303-6AC7DB7D38E6}.Release|x64.ActiveCfg = Release|Any CPU
		{835A1083-723B-4C58-9303-6AC7DB7D38E6}.Release|x64.Build.0 = Release|Any CPU
		{835A1083-723B-4C58-9303-6AC7DB7D38E6}.Release|x86.ActiveCfg = Release|Any CPU
		{835A1083-723B-4C58-9303-6AC7DB7D38E6}.Release|x86.Build.0 = Release|Any CPU
		{75CE962B-C9C7-45A6-8B74-14E31926FA77}.Debug|Any CPU.ActiveCfg = Debug|Any CPU
		{75CE962B-C9C7-45A6-8B74-14E31926FA77}.Debug|Any CPU.Build.0 = Debug|Any CPU
		{75CE962B-C9C7-45A6-8B74-14E31926FA77}.Debug|x64.ActiveCfg = Debug|Any CPU
		{75CE962B-C9C7-45A6-8B74-14E31926FA77}.Debug|x64.Build.0 = Debug|Any CPU
		{75CE962B-C9C7-45A6-8B74-14E31926FA77}.Debug|x86.ActiveCfg = Debug|Any CPU
		{75CE962B-C9C7-45A6-8B74-14E31926FA77}.Debug|x86.Build.0 = Debug|Any CPU
		{75CE962B-C9C7-45A6-8B74-14E31926FA77}.Release|Any CPU.ActiveCfg = Release|Any CPU
		{75CE962B-C9C7-45A6-8B74-14E31926FA77}.Release|Any CPU.Build.0 = Release|Any CPU
		{75CE962B-C9C7-45A6-8B74-14E31926FA77}.Release|x64.ActiveCfg = Release|Any CPU
		{75CE962B-C9C7-45A6-8B74-14E31926FA77}.Release|x64.Build.0 = Release|Any CPU
		{75CE962B-C9C7-45A6-8B74-14E31926FA77}.Release|x86.ActiveCfg = Release|Any CPU
		{75CE962B-C9C7-45A6-8B74-14E31926FA77}.Release|x86.Build.0 = Release|Any CPU
		{41146FB5-E4DC-497E-9C1E-B29C26404D08}.Debug|Any CPU.ActiveCfg = Debug|Any CPU
		{41146FB5-E4DC-497E-9C1E-B29C26404D08}.Debug|Any CPU.Build.0 = Debug|Any CPU
		{41146FB5-E4DC-497E-9C1E-B29C26404D08}.Debug|x64.ActiveCfg = Debug|Any CPU
		{41146FB5-E4DC-497E-9C1E-B29C26404D08}.Debug|x64.Build.0 = Debug|Any CPU
		{41146FB5-E4DC-497E-9C1E-B29C26404D08}.Debug|x86.ActiveCfg = Debug|Any CPU
		{41146FB5-E4DC-497E-9C1E-B29C26404D08}.Debug|x86.Build.0 = Debug|Any CPU
		{41146FB5-E4DC-497E-9C1E-B29C26404D08}.Release|Any CPU.ActiveCfg = Release|Any CPU
		{41146FB5-E4DC-497E-9C1E-B29C26404D08}.Release|Any CPU.Build.0 = Release|Any CPU
		{41146FB5-E4DC-497E-9C1E-B29C26404D08}.Release|x64.ActiveCfg = Release|Any CPU
		{41146FB5-E4DC-497E-9C1E-B29C26404D08}.Release|x64.Build.0 = Release|Any CPU
		{41146FB5-E4DC-497E-9C1E-B29C26404D08}.Release|x86.ActiveCfg = Release|Any CPU
		{41146FB5-E4DC-497E-9C1E-B29C26404D08}.Release|x86.Build.0 = Release|Any CPU
	EndGlobalSection
	GlobalSection(SolutionProperties) = preSolution
		HideSolutionNode = FALSE
	EndGlobalSection
	GlobalSection(NestedProjects) = preSolution
		{A1B2C3D4-E5F6-7890-ABCD-EF1234567890} = {827E0CD3-B72D-47B6-A68D-7590B98EB39B}
		{835A1083-723B-4C58-9303-6AC7DB7D38E6} = {827E0CD3-B72D-47B6-A68D-7590B98EB39B}
		{75CE962B-C9C7-45A6-8B74-14E31926FA77} = {0AB3BF05-4346-4AA6-1389-037BE0695223}
		{41146FB5-E4DC-497E-9C1E-B29C26404D08} = {827E0CD3-B72D-47B6-A68D-7590B98EB39B}
	EndGlobalSection
	GlobalSection(ExtensibilityGlobals) = postSolution
		SolutionGuid = {C3D4E5F6-A7B8-9012-CDEF-123456789012}
	EndGlobalSection
EndGlobal
